
Microsoft Visual Studio Solution File, Format Version 11.00
# Visual Studio 2010
Project("{FAE04EC0-301F-11D3-BF4B-00C04F79EFBC}") = "Model", "Model\Model.csproj", "{3B152929-E668-47E0-990E-82B9625B2374}"
EndProject
Global
	GlobalSection(SolutionConfigurationPlatforms) = preSolution
		Debug|Any CPU = Debug|Any CPU
		Release|Any CPU = Release|Any CPU
	EndGlobalSection
	GlobalSection(ProjectConfigurationPlatforms) = postSolution
		{3B152929-E668-47E0-990E-82B9625B2374}.Debug|Any CPU.ActiveCfg = Debug|Any CPU
		{3B152929-E668-47E0-990E-82B9625B2374}.Debug|Any CPU.Build.0 = Debug|Any CPU
		{3B152929-E668-47E0-990E-82B9625B2374}.Release|Any CPU.ActiveCfg = Release|Any CPU
		{3B152929-E668-47E0-990E-82B9625B2374}.Release|Any CPU.Build.0 = Release|Any CPU
	EndGlobalSection
	GlobalSection(SolutionProperties) = preSolution
		HideSolutionNode = FALSE
	EndGlobalSection
EndGlobal
